
Microsoft Visual Studio Solution File, Format Version 12.00
# Visual Studio 2013
VisualStudioVersion = 12.0.31101.0
MinimumVisualStudioVersion = 10.0.40219.1
Project("{FAE04EC0-301F-11D3-BF4B-00C04F79EFBC}") = "GeomBuilder", "GeomBuilder\GeomBuilder.csproj", "{2111496E-CF1F-4D7C-AE03-7D658AF7010B}"
EndProject
Project("{F2A71F9B-5D33-465A-A702-920D77279786}") = "Tests", "Tests\Tests.fsproj", "{3640EAE7-A31B-413A-B2DD-FD7BA36B6BA0}"
EndProject
Project("{2150E333-8FDC-42A3-9474-1A3956D46DE8}") = ".nuget", ".nuget", "{90705B70-06E9-4F6B-B4C9-D8E10037CD32}"
	ProjectSection(SolutionItems) = preProject
		.nuget\packages.config = .nuget\packages.config
	EndProjectSection
EndProject
Project("{F2A71F9B-5D33-465A-A702-920D77279786}") = "GeometryLibrary", "GeometryLibrary\GeometryLibrary.fsproj", "{6FD313AE-E153-4F90-8F8B-7D6AC2A2074C}"
EndProject
Global
	GlobalSection(SolutionConfigurationPlatforms) = preSolution
		Debug|Any CPU = Debug|Any CPU
		Release|Any CPU = Release|Any CPU
	EndGlobalSection
	GlobalSection(ProjectConfigurationPlatforms) = postSolution
		{2111496E-CF1F-4D7C-AE03-7D658AF7010B}.Debug|Any CPU.ActiveCfg = Debug|Any CPU
		{2111496E-CF1F-4D7C-AE03-7D658AF7010B}.Debug|Any CPU.Build.0 = Debug|Any CPU
		{2111496E-CF1F-4D7C-AE03-7D658AF7010B}.Release|Any CPU.ActiveCfg = Release|Any CPU
		{2111496E-CF1F-4D7C-AE03-7D658AF7010B}.Release|Any CPU.Build.0 = Release|Any CPU
		{3640EAE7-A31B-413A-B2DD-FD7BA36B6BA0}.Debug|Any CPU.ActiveCfg = Debug|Any CPU
		{3640EAE7-A31B-413A-B2DD-FD7BA36B6BA0}.Debug|Any CPU.Build.0 = Debug|Any CPU
		{3640EAE7-A31B-413A-B2DD-FD7BA36B6BA0}.Release|Any CPU.ActiveCfg = Release|Any CPU
		{3640EAE7-A31B-413A-B2DD-FD7BA36B6BA0}.Release|Any CPU.Build.0 = Release|Any CPU
		{6FD313AE-E153-4F90-8F8B-7D6AC2A2074C}.Debug|Any CPU.ActiveCfg = Debug|Any CPU
		{6FD313AE-E153-4F90-8F8B-7D6AC2A2074C}.Debug|Any CPU.Build.0 = Debug|Any CPU
		{6FD313AE-E153-4F90-8F8B-7D6AC2A2074C}.Release|Any CPU.ActiveCfg = Release|Any CPU
		{6FD313AE-E153-4F90-8F8B-7D6AC2A2074C}.Release|Any CPU.Build.0 = Release|Any CPU
	EndGlobalSection
	GlobalSection(SolutionProperties) = preSolution
		HideSolutionNode = FALSE
	EndGlobalSection
EndGlobal
