
Microsoft Visual Studio Solution File, Format Version 12.00
# Visual Studio 2013
VisualStudioVersion = 12.0.31101.0
MinimumVisualStudioVersion = 10.0.40219.1
Project("{FAE04EC0-301F-11D3-BF4B-00C04F79EFBC}") = "GeomBuilder", "GeomBuilder\GeomBuilder.csproj", "{2111496E-CF1F-4D7C-AE03-7D658AF7010B}"
EndProject
Project("{F2A71F9B-5D33-465A-A702-920D77279786}") = "GeometryLibrary", "GeometryLibrary\GeometryLibrary.fsproj", "{2AC8022E-2B26-4F8B-88E4-4FD2B950D885}"
EndProject
Global
	GlobalSection(SolutionConfigurationPlatforms) = preSolution
		Debug|Any CPU = Debug|Any CPU
		Release|Any CPU = Release|Any CPU
	EndGlobalSection
	GlobalSection(ProjectConfigurationPlatforms) = postSolution
		{2111496E-CF1F-4D7C-AE03-7D658AF7010B}.Debug|Any CPU.ActiveCfg = Debug|Any CPU
		{2111496E-CF1F-4D7C-AE03-7D658AF7010B}.Debug|Any CPU.Build.0 = Debug|Any CPU
		{2111496E-CF1F-4D7C-AE03-7D658AF7010B}.Release|Any CPU.ActiveCfg = Release|Any CPU
		{2111496E-CF1F-4D7C-AE03-7D658AF7010B}.Release|Any CPU.Build.0 = Release|Any CPU
		{2AC8022E-2B26-4F8B-88E4-4FD2B950D885}.Debug|Any CPU.ActiveCfg = Debug|Any CPU
		{2AC8022E-2B26-4F8B-88E4-4FD2B950D885}.Debug|Any CPU.Build.0 = Debug|Any CPU
		{2AC8022E-2B26-4F8B-88E4-4FD2B950D885}.Release|Any CPU.ActiveCfg = Release|Any CPU
		{2AC8022E-2B26-4F8B-88E4-4FD2B950D885}.Release|Any CPU.Build.0 = Release|Any CPU
	EndGlobalSection
	GlobalSection(SolutionProperties) = preSolution
		HideSolutionNode = FALSE
	EndGlobalSection
EndGlobal
